
Microsoft Visual Studio Solution File, Format Version 12.00
Project("{FAE04EC0-301F-11D3-BF4B-00C04F79EFBC}") = "CommunicationService", "CommunicationService/CommunicationService.csproj", "{92280DFD-25CC-44F4-A5A0-360C6D1D0A8A}"
EndProject
Project("{FAE04EC0-301F-11D3-BF4B-00C04F79EFBC}") = "CommunicationServiceTest", "CommunicationServiceTest\CommunicationServiceTest.csproj", "{5BC5D131-114C-4D00-B4C4-AA427947FA4E}"
EndProject
Global
	GlobalSection(SolutionConfigurationPlatforms) = preSolution
		Debug|Any CPU = Debug|Any CPU
		Release|Any CPU = Release|Any CPU
	EndGlobalSection
	GlobalSection(ProjectConfigurationPlatforms) = postSolution
		{92280DFD-25CC-44F4-A5A0-360C6D1D0A8A}.Debug|Any CPU.ActiveCfg = Debug|Any CPU
		{92280DFD-25CC-44F4-A5A0-360C6D1D0A8A}.Debug|Any CPU.Build.0 = Debug|Any CPU
		{92280DFD-25CC-44F4-A5A0-360C6D1D0A8A}.Release|Any CPU.ActiveCfg = Release|Any CPU
		{92280DFD-25CC-44F4-A5A0-360C6D1D0A8A}.Release|Any CPU.Build.0 = Release|Any CPU
		{5BC5D131-114C-4D00-B4C4-AA427947FA4E}.Debug|Any CPU.ActiveCfg = Debug|Any CPU
		{5BC5D131-114C-4D00-B4C4-AA427947FA4E}.Debug|Any CPU.Build.0 = Debug|Any CPU
		{5BC5D131-114C-4D00-B4C4-AA427947FA4E}.Release|Any CPU.ActiveCfg = Release|Any CPU
		{5BC5D131-114C-4D00-B4C4-AA427947FA4E}.Release|Any CPU.Build.0 = Release|Any CPU
	EndGlobalSection
EndGlobal
